{
  "version": 4,
  "terraform_version": "1.9.7",
  "serial": 72,
  "lineage": "c3596aef-43b0-17b2-6886-9d4c9ca602e3",
  "outputs": {},
  "resources": [
    {
      "mode": "managed",
      "type": "aws_autoscaling_group",
      "name": "three-tier-app-asg",
      "provider": "provider[\"registry.terraform.io/hashicorp/aws\"]",
      "instances": [
        {
          "schema_version": 1,
          "attributes": {
            "arn": "arn:aws:autoscaling:eu-west-1:961341527089:autoScalingGroup:def4251d-4e1d-4fab-9ba8-d1015d2a4cde:autoScalingGroupName/three-tier-app-asg",
            "availability_zones": [
              "eu-west-1a",
              "eu-west-1b"
            ],
            "capacity_rebalance": false,
            "context": "",
            "default_cooldown": 300,
            "default_instance_warmup": 0,
            "desired_capacity": 2,
            "desired_capacity_type": "",
            "enabled_metrics": null,
            "force_delete": false,
            "force_delete_warm_pool": false,
            "health_check_grace_period": 300,
            "health_check_type": "EC2",
            "id": "three-tier-app-asg",
            "ignore_failed_scaling_activities": false,
            "initial_lifecycle_hook": [],
            "instance_maintenance_policy": [],
            "instance_refresh": [],
            "launch_configuration": "",
            "launch_template": [
              {
                "id": "lt-0c66ed33e77548bdb",
                "name": "three-tier-app-template20241115160211306800000001",
                "version": "$Latest"
              }
            ],
            "load_balancers": [],
            "max_instance_lifetime": 0,
            "max_size": 3,
            "metrics_granularity": "1Minute",
            "min_elb_capacity": null,
            "min_size": 2,
            "mixed_instances_policy": [],
            "name": "three-tier-app-asg",
            "name_prefix": "",
            "placement_group": "",
            "predicted_capacity": 0,
            "protect_from_scale_in": false,
            "service_linked_role_arn": "arn:aws:iam::961341527089:role/aws-service-role/autoscaling.amazonaws.com/AWSServiceRoleForAutoScaling",
            "suspended_processes": null,
            "tag": [],
            "target_group_arns": [],
            "termination_policies": null,
            "timeouts": null,
            "traffic_source": [],
            "vpc_zone_identifier": [
              "subnet-033560658ff0291de",
              "subnet-089a7d339c2cd60a7"
            ],
            "wait_for_capacity_timeout": "10m",
            "wait_for_elb_capacity": null,
            "warm_pool": [],
            "warm_pool_size": 0
          },
          "sensitive_attributes": [],
          "private": "eyJlMmJmYjczMC1lY2FhLTExZTYtOGY4OC0zNDM2M2JjN2M0YzAiOnsiZGVsZXRlIjo2MDAwMDAwMDAwMDAsInVwZGF0ZSI6NjAwMDAwMDAwMDAwfSwic2NoZW1hX3ZlcnNpb24iOiIxIn0=",
          "dependencies": [
            "aws_launch_template.three-tier-app-template",
            "aws_security_group.three-tier-ec2-asg-sg-app",
            "aws_subnet.three-tier-pvt-sub-1",
            "aws_subnet.three-tier-pvt-sub-2",
            "aws_vpc.three-tier-vpc"
          ]
        }
      ]
    },
    {
      "mode": "managed",
      "type": "aws_autoscaling_group",
      "name": "three-tier-asg",
      "provider": "provider[\"registry.terraform.io/hashicorp/aws\"]",
      "instances": [
        {
          "schema_version": 1,
          "attributes": {
            "arn": "arn:aws:autoscaling:eu-west-1:961341527089:autoScalingGroup:6731fe7f-e8f5-443b-afa3-5f8a7df8838f:autoScalingGroupName/three-tier-web-asg",
            "availability_zones": [
              "eu-west-1a",
              "eu-west-1b"
            ],
            "capacity_rebalance": false,
            "context": "",
            "default_cooldown": 300,
            "default_instance_warmup": 0,
            "desired_capacity": 2,
            "desired_capacity_type": "",
            "enabled_metrics": [],
            "force_delete": false,
            "force_delete_warm_pool": false,
            "health_check_grace_period": 300,
            "health_check_type": "EC2",
            "id": "three-tier-web-asg",
            "ignore_failed_scaling_activities": false,
            "initial_lifecycle_hook": [],
            "instance_maintenance_policy": [],
            "instance_refresh": [],
            "launch_configuration": "",
            "launch_template": [
              {
                "id": "lt-0772be7ccef28b208",
                "name": "three-tier-web-lconfig20241115150553907900000001",
                "version": "$Latest"
              }
            ],
            "load_balancers": [],
            "max_instance_lifetime": 0,
            "max_size": 3,
            "metrics_granularity": "1Minute",
            "min_elb_capacity": null,
            "min_size": 2,
            "mixed_instances_policy": [],
            "name": "three-tier-web-asg",
            "name_prefix": "",
            "placement_group": "",
            "predicted_capacity": 0,
            "protect_from_scale_in": false,
            "service_linked_role_arn": "arn:aws:iam::961341527089:role/aws-service-role/autoscaling.amazonaws.com/AWSServiceRoleForAutoScaling",
            "suspended_processes": [],
            "tag": [
              {
                "key": "Name",
                "propagate_at_launch": true,
                "value": "three-tier-web-instance"
              }
            ],
            "target_group_arns": [
              "arn:aws:elasticloadbalancing:eu-west-1:961341527089:targetgroup/three-tier-web-lb-tg/c1a511cf0f572daf"
            ],
            "termination_policies": [],
            "timeouts": null,
            "traffic_source": [
              {
                "identifier": "arn:aws:elasticloadbalancing:eu-west-1:961341527089:targetgroup/three-tier-web-lb-tg/c1a511cf0f572daf",
                "type": "elbv2"
              }
            ],
            "vpc_zone_identifier": [
              "subnet-01761471bb5ac6df9",
              "subnet-07c9d8956b9b4ad7d"
            ],
            "wait_for_capacity_timeout": "10m",
            "wait_for_elb_capacity": null,
            "warm_pool": [],
            "warm_pool_size": 0
          },
          "sensitive_attributes": [],
          "private": "eyJlMmJmYjczMC1lY2FhLTExZTYtOGY4OC0zNDM2M2JjN2M0YzAiOnsiZGVsZXRlIjo2MDAwMDAwMDAwMDAsInVwZGF0ZSI6NjAwMDAwMDAwMDAwfSwic2NoZW1hX3ZlcnNpb24iOiIxIn0=",
          "dependencies": [
            "aws_launch_template.three-tier-web-template",
            "aws_lb_target_group.three-tier-web-lb-tg",
            "aws_security_group.three-tier-ec2-asg-sg",
            "aws_subnet.three-tier-pub-sub-1",
            "aws_subnet.three-tier-pub-sub-2",
            "aws_vpc.three-tier-vpc"
          ]
        }
      ]
    },
    {
      "mode": "managed",
      "type": "aws_db_instance",
      "name": "three-tier-db",
      "provider": "provider[\"registry.terraform.io/hashicorp/aws\"]",
      "instances": [
        {
          "schema_version": 2,
          "attributes": {
            "address": "three-tier-db.cnws8wag6t06.eu-west-1.rds.amazonaws.com",
            "allocated_storage": 20,
            "allow_major_version_upgrade": null,
            "apply_immediately": false,
            "arn": "arn:aws:rds:eu-west-1:961341527089:db:three-tier-db",
            "auto_minor_version_upgrade": true,
            "availability_zone": "eu-west-1a",
            "backup_retention_period": 0,
            "backup_target": "region",
            "backup_window": "02:04-02:34",
            "blue_green_update": [],
            "ca_cert_identifier": "rds-ca-rsa2048-g1",
            "character_set_name": "",
            "copy_tags_to_snapshot": false,
            "custom_iam_instance_profile": "",
            "customer_owned_ip_enabled": false,
            "db_name": "",
            "db_subnet_group_name": "three-tier-db-sub-grp",
            "dedicated_log_volume": false,
            "delete_automated_backups": true,
            "deletion_protection": false,
            "domain": "",
            "domain_auth_secret_arn": "",
            "domain_dns_ips": [],
            "domain_fqdn": "",
            "domain_iam_role_name": "",
            "domain_ou": "",
            "enabled_cloudwatch_logs_exports": [],
            "endpoint": "three-tier-db.cnws8wag6t06.eu-west-1.rds.amazonaws.com:3306",
            "engine": "mysql",
            "engine_lifecycle_support": "open-source-rds-extended-support",
            "engine_version": "8.0.39",
            "engine_version_actual": "8.0.39",
            "final_snapshot_identifier": null,
            "hosted_zone_id": "Z29XKXDKYMONMX",
            "iam_database_authentication_enabled": false,
            "id": "db-Y4TQZMED63LM4AJNRDHRGJBIPM",
            "identifier": "three-tier-db",
            "identifier_prefix": "",
            "instance_class": "db.t3.micro",
            "iops": 3000,
            "kms_key_id": "",
            "latest_restorable_time": "",
            "license_model": "general-public-license",
            "listener_endpoint": [],
            "maintenance_window": "mon:00:13-mon:00:43",
            "manage_master_user_password": null,
            "master_user_secret": [],
            "master_user_secret_kms_key_id": null,
            "max_allocated_storage": 0,
            "monitoring_interval": 0,
            "monitoring_role_arn": "",
            "multi_az": true,
            "nchar_character_set_name": "",
            "network_type": "IPV4",
            "option_group_name": "default:mysql-8-0",
            "parameter_group_name": "default.mysql8.0",
            "password": "pppppdb12345",
            "performance_insights_enabled": false,
            "performance_insights_kms_key_id": "",
            "performance_insights_retention_period": 0,
            "port": 3306,
            "publicly_accessible": false,
            "replica_mode": "",
            "replicas": [],
            "replicate_source_db": "",
            "resource_id": "db-Y4TQZMED63LM4AJNRDHRGJBIPM",
            "restore_to_point_in_time": [],
            "s3_import": [],
            "skip_final_snapshot": true,
            "snapshot_identifier": null,
            "status": "available",
            "storage_encrypted": false,
            "storage_throughput": 125,
            "storage_type": "gp3",
            "tags": {},
            "tags_all": {
              "Environment": "Production",
              "Owner": "DevOps Team",
              "Project": "Three-Tier-App"
            },
            "timeouts": null,
            "timezone": "",
            "upgrade_storage_config": null,
            "username": "admin",
            "vpc_security_group_ids": [
              "sg-07d4925c813a7a3d7"
            ]
          },
          "sensitive_attributes": [
            [
              {
                "type": "get_attr",
                "value": "password"
              }
            ]
          ],
          "private": "eyJlMmJmYjczMC1lY2FhLTExZTYtOGY4OC0zNDM2M2JjN2M0YzAiOnsiY3JlYXRlIjoyNDAwMDAwMDAwMDAwLCJkZWxldGUiOjM2MDAwMDAwMDAwMDAsInVwZGF0ZSI6NDgwMDAwMDAwMDAwMH0sInNjaGVtYV92ZXJzaW9uIjoiMiJ9",
          "dependencies": [
            "aws_db_subnet_group.three-tier-db-sub-grp",
            "aws_security_group.three-tier-db-sg",
            "aws_security_group.three-tier-ec2-asg-sg-app",
            "aws_subnet.three-tier-pvt-sub-3",
            "aws_subnet.three-tier-pvt-sub-4",
            "aws_vpc.three-tier-vpc"
          ]
        }
      ]
    },
    {
      "mode": "managed",
      "type": "aws_db_subnet_group",
      "name": "three-tier-db-sub-grp",
      "provider": "provider[\"registry.terraform.io/hashicorp/aws\"]",
      "instances": [
        {
          "schema_version": 0,
          "attributes": {
            "arn": "arn:aws:rds:eu-west-1:961341527089:subgrp:three-tier-db-sub-grp",
            "description": "Managed by Terraform",
            "id": "three-tier-db-sub-grp",
            "name": "three-tier-db-sub-grp",
            "name_prefix": "",
            "subnet_ids": [
              "subnet-04f81ff1eb919e08c",
              "subnet-05800d69da82babf7"
            ],
            "supported_network_types": [
              "IPV4"
            ],
            "tags": {},
            "tags_all": {
              "Environment": "Production",
              "Owner": "DevOps Team",
              "Project": "Three-Tier-App"
            },
            "vpc_id": "vpc-0b7d0af5d8c1e8df7"
          },
          "sensitive_attributes": [],
          "private": "bnVsbA==",
          "dependencies": [
            "aws_subnet.three-tier-pvt-sub-3",
            "aws_subnet.three-tier-pvt-sub-4",
            "aws_vpc.three-tier-vpc"
          ]
        }
      ]
    },
    {
      "mode": "managed",
      "type": "aws_eip",
      "name": "three-tier-nat-eip",
      "provider": "provider[\"registry.terraform.io/hashicorp/aws\"]",
      "instances": [
        {
          "schema_version": 0,
          "attributes": {
            "address": null,
            "allocation_id": "eipalloc-051021995fc97fd3f",
            "arn": "arn:aws:ec2:eu-west-1:961341527089:elastic-ip/eipalloc-051021995fc97fd3f",
            "associate_with_private_ip": null,
            "association_id": "eipassoc-005b29fa1f98ec9be",
            "carrier_ip": "",
            "customer_owned_ip": "",
            "customer_owned_ipv4_pool": "",
            "domain": "vpc",
            "id": "eipalloc-051021995fc97fd3f",
            "instance": "",
            "ipam_pool_id": null,
            "network_border_group": "eu-west-1",
            "network_interface": "eni-0a01511a0760d1bb9",
            "private_dns": "ip-10-1-1-7.eu-west-1.compute.internal",
            "private_ip": "10.1.1.7",
            "ptr_record": "",
            "public_dns": "ec2-54-228-175-123.eu-west-1.compute.amazonaws.com",
            "public_ip": "54.228.175.123",
            "public_ipv4_pool": "amazon",
            "tags": {
              "Name": "three-tier-nat-eip"
            },
            "tags_all": {
              "Environment": "Production",
              "Name": "three-tier-nat-eip",
              "Owner": "DevOps Team",
              "Project": "Three-Tier-App"
            },
            "timeouts": null,
            "vpc": true
          },
          "sensitive_attributes": [],
          "private": "eyJlMmJmYjczMC1lY2FhLTExZTYtOGY4OC0zNDM2M2JjN2M0YzAiOnsiZGVsZXRlIjoxODAwMDAwMDAwMDAsInJlYWQiOjkwMDAwMDAwMDAwMCwidXBkYXRlIjozMDAwMDAwMDAwMDB9fQ=="
        }
      ]
    },
    {
      "mode": "managed",
      "type": "aws_internet_gateway",
      "name": "three-tier-igw",
      "provider": "provider[\"registry.terraform.io/hashicorp/aws\"]",
      "instances": [
        {
          "schema_version": 0,
          "attributes": {
            "arn": "arn:aws:ec2:eu-west-1:961341527089:internet-gateway/igw-016c38338c2087490",
            "id": "igw-016c38338c2087490",
            "owner_id": "961341527089",
            "tags": {
              "Environment": "Production",
              "Name": "three-tier-igw",
              "Owner": "DevOps Team",
              "Project": "Three-Tier-App"
            },
            "tags_all": {
              "Environment": "Production",
              "Name": "three-tier-igw",
              "Owner": "DevOps Team",
              "Project": "Three-Tier-App"
            },
            "timeouts": null,
            "vpc_id": "vpc-0b7d0af5d8c1e8df7"
          },
          "sensitive_attributes": [],
          "private": "eyJlMmJmYjczMC1lY2FhLTExZTYtOGY4OC0zNDM2M2JjN2M0YzAiOnsiY3JlYXRlIjoxMjAwMDAwMDAwMDAwLCJkZWxldGUiOjEyMDAwMDAwMDAwMDAsInVwZGF0ZSI6MTIwMDAwMDAwMDAwMH19",
          "dependencies": [
            "aws_vpc.three-tier-vpc"
          ]
        }
      ]
    },
    {
      "mode": "managed",
      "type": "aws_launch_template",
      "name": "three-tier-app-template",
      "provider": "provider[\"registry.terraform.io/hashicorp/aws\"]",
      "instances": [
        {
          "schema_version": 0,
          "attributes": {
            "arn": "arn:aws:ec2:eu-west-1:961341527089:launch-template/lt-0c66ed33e77548bdb",
            "block_device_mappings": [
              {
                "device_name": "/dev/xvda",
                "ebs": [
                  {
                    "delete_on_termination": "",
                    "encrypted": "",
                    "iops": 0,
                    "kms_key_id": "",
                    "snapshot_id": "",
                    "throughput": 0,
                    "volume_size": 20,
                    "volume_type": "gp3"
                  }
                ],
                "no_device": "",
                "virtual_name": ""
              }
            ],
            "capacity_reservation_specification": [],
            "cpu_options": [],
            "credit_specification": [],
            "default_version": 1,
            "description": "",
            "disable_api_stop": false,
            "disable_api_termination": false,
            "ebs_optimized": "",
            "elastic_gpu_specifications": [],
            "elastic_inference_accelerator": [],
            "enclave_options": [],
            "hibernation_options": [],
            "iam_instance_profile": [],
            "id": "lt-0c66ed33e77548bdb",
            "image_id": "ami-0d64bb532e0502c46",
            "instance_initiated_shutdown_behavior": "",
            "instance_market_options": [],
            "instance_requirements": [],
            "instance_type": "t2.micro",
            "kernel_id": "",
            "key_name": "my-ec2-key-pair",
            "latest_version": 1,
            "license_specification": [],
            "maintenance_options": [],
            "metadata_options": [],
            "monitoring": [],
            "name": "three-tier-app-template20241115160211306800000001",
            "name_prefix": "three-tier-app-template",
            "network_interfaces": [
              {
                "associate_carrier_ip_address": "",
                "associate_public_ip_address": "true",
                "delete_on_termination": "",
                "description": "",
                "device_index": 0,
                "interface_type": "",
                "ipv4_address_count": 0,
                "ipv4_addresses": null,
                "ipv4_prefix_count": 0,
                "ipv4_prefixes": null,
                "ipv6_address_count": 0,
                "ipv6_addresses": null,
                "ipv6_prefix_count": 0,
                "ipv6_prefixes": null,
                "network_card_index": 0,
                "network_interface_id": "",
                "primary_ipv6": "",
                "private_ip_address": "",
                "security_groups": [
                  "sg-0bdb3191b7a54ec37"
                ],
                "subnet_id": ""
              }
            ],
            "placement": [],
            "private_dns_name_options": [],
            "ram_disk_id": "",
            "security_group_names": null,
            "tag_specifications": [],
            "tags": null,
            "tags_all": {
              "Environment": "Production",
              "Owner": "DevOps Team",
              "Project": "Three-Tier-App"
            },
            "update_default_version": null,
            "user_data": "IyEvYmluL2Jhc2gKc3VkbyB5dW0gaW5zdGFsbCBteXNxbCAteQo=",
            "vpc_security_group_ids": null
          },
          "sensitive_attributes": [],
          "private": "bnVsbA==",
          "dependencies": [
            "aws_security_group.three-tier-ec2-asg-sg-app",
            "aws_vpc.three-tier-vpc"
          ]
        }
      ]
    },
    {
      "mode": "managed",
      "type": "aws_launch_template",
      "name": "three-tier-web-template",
      "provider": "provider[\"registry.terraform.io/hashicorp/aws\"]",
      "instances": [
        {
          "schema_version": 0,
          "attributes": {
            "arn": "arn:aws:ec2:eu-west-1:961341527089:launch-template/lt-0772be7ccef28b208",
            "block_device_mappings": [
              {
                "device_name": "/dev/xvda",
                "ebs": [
                  {
                    "delete_on_termination": "",
                    "encrypted": "",
                    "iops": 0,
                    "kms_key_id": "",
                    "snapshot_id": "",
                    "throughput": 0,
                    "volume_size": 20,
                    "volume_type": "gp3"
                  }
                ],
                "no_device": "",
                "virtual_name": ""
              }
            ],
            "capacity_reservation_specification": [],
            "cpu_options": [],
            "credit_specification": [],
            "default_version": 1,
            "description": "",
            "disable_api_stop": false,
            "disable_api_termination": false,
            "ebs_optimized": "",
            "elastic_gpu_specifications": [],
            "elastic_inference_accelerator": [],
            "enclave_options": [],
            "hibernation_options": [],
            "iam_instance_profile": [],
            "id": "lt-0772be7ccef28b208",
            "image_id": "ami-0d64bb532e0502c46",
            "instance_initiated_shutdown_behavior": "",
            "instance_market_options": [],
            "instance_requirements": [],
            "instance_type": "t2.micro",
            "kernel_id": "",
            "key_name": "my-ec2-key-pair",
            "latest_version": 4,
            "license_specification": [],
            "maintenance_options": [],
            "metadata_options": [],
            "monitoring": [],
            "name": "three-tier-web-lconfig20241115150553907900000001",
            "name_prefix": "three-tier-web-lconfig",
            "network_interfaces": [
              {
                "associate_carrier_ip_address": "",
                "associate_public_ip_address": "true",
                "delete_on_termination": "",
                "description": "",
                "device_index": 0,
                "interface_type": "",
                "ipv4_address_count": 0,
                "ipv4_addresses": [],
                "ipv4_prefix_count": 0,
                "ipv4_prefixes": [],
                "ipv6_address_count": 0,
                "ipv6_addresses": [],
                "ipv6_prefix_count": 0,
                "ipv6_prefixes": [],
                "network_card_index": 0,
                "network_interface_id": "",
                "primary_ipv6": "",
                "private_ip_address": "",
                "security_groups": [
                  "sg-077c81f064d36198f"
                ],
                "subnet_id": ""
              }
            ],
            "placement": [],
            "private_dns_name_options": [],
            "ram_disk_id": "",
            "security_group_names": [],
            "tag_specifications": [],
            "tags": {},
            "tags_all": {
              "Environment": "Production",
              "Owner": "DevOps Team",
              "Project": "Three-Tier-App"
            },
            "update_default_version": null,
            "user_data": "IyEvYmluL2Jhc2gKCiMgVXBkYXRlIHRoZSBzeXN0ZW0Kc3VkbyB5dW0gLXkgdXBkYXRlCgojIEluc3RhbGwgQXBhY2hlIHdlYiBzZXJ2ZXIKc3VkbyB5dW0gLXkgaW5zdGFsbCBodHRwZAoKIyBTdGFydCBBcGFjaGUgd2ViIHNlcnZlcgpzdWRvIHN5c3RlbWN0bCBzdGFydCBodHRwZC5zZXJ2aWNlCgojIEVuYWJsZSBBcGFjaGUgdG8gc3RhcnQgYXQgYm9vdApzdWRvIHN5c3RlbWN0bCBlbmFibGUgaHR0cGQuc2VydmljZQoKIyBDcmVhdGUgaW5kZXguaHRtbCBmaWxlIHdpdGggeW91ciBjdXN0b20gSFRNTApzdWRvIGVjaG8gJwo8IURPQ1RZUEUgaHRtbD4KPGh0bWwgbGFuZz0iZW4iPgo8aGVhZD4KICA8bWV0YSBjaGFyc2V0PSJ1dGYtOCIgLz4KICA8bWV0YSBuYW1lPSJ2aWV3cG9ydCIgY29udGVudD0id2lkdGg9ZGV2aWNlLXdpZHRoLCBpbml0aWFsLXNjYWxlPTEiIC8+CiAgPHRpdGxlPkEgQmFzaWMgSFRNTDUgVGVtcGxhdGU8L3RpdGxlPgogIDxsaW5rIHJlbD0icHJlY29ubmVjdCIgaHJlZj0iaHR0cHM6Ly9mb250cy5nb29nbGVhcGlzLmNvbSIgLz4KICA8bGluayByZWw9InByZWNvbm5lY3QiIGhyZWY9Imh0dHBzOi8vZm9udHMuZ3N0YXRpYy5jb20iIGNyb3Nzb3JpZ2luIC8+CiAgPGxpbmsgaHJlZj0iaHR0cHM6Ly9mb250cy5nb29nbGVhcGlzLmNvbS9jc3MyP2ZhbWlseT1JbnRlcjp3Z2h0QDQwMDs1MDA7NzAwOzgwMCZkaXNwbGF5PXN3YXAiIHJlbD0ic3R5bGVzaGVldCIgLz4KICA8bGluayByZWw9InN0eWxlc2hlZXQiIGhyZWY9ImNzcy9zdHlsZXMuY3NzP3Y9MS4wIiAvPgo8L2hlYWQ+Cjxib2R5PgogIDxkaXYgY2xhc3M9IndyYXBwZXIiPgogICAgPGRpdiBjbGFzcz0iY29udGFpbmVyIj4KICAgICAgPGgxPldlbGNvbWUhIEFuIEFwYWNoZSB3ZWIgc2VydmVyIGhhcyBiZWVuIHN0YXJ0ZWQgc3VjY2Vzc2Z1bGx5LjwvaDE+CiAgICAgIDxoMj5BY2hpbnRoYSBCYW5kYXJhbmFpa2U8L2gyPgogICAgPC9kaXY+CiAgPC9kaXY+CjwvYm9keT4KPC9odG1sPgoKPHN0eWxlPgpib2R5IHsKICAgIGJhY2tncm91bmQtY29sb3I6ICMzNDMzM2Q7CiAgICBkaXNwbGF5OiBmbGV4OwogICAgYWxpZ24taXRlbXM6IGNlbnRlcjsKICAgIGp1c3RpZnktY29udGVudDogY2VudGVyOwogICAgZm9udC1mYW1pbHk6IEludGVyOwogICAgcGFkZGluZy10b3A6IDEyOHB4Owp9CgouY29udGFpbmVyIHsKICAgIGJveC1zaXppbmc6IGJvcmRlci1ib3g7CiAgICB3aWR0aDogNzQxcHg7CiAgICBoZWlnaHQ6IDQ0OXB4OwogICAgZGlzcGxheTogZmxleDsKICAgIGZsZXgtZGlyZWN0aW9uOiBjb2x1bW47CiAgICBqdXN0aWZ5LWNvbnRlbnQ6IGNlbnRlcjsKICAgIGFsaWduLWl0ZW1zOiBmbGV4LXN0YXJ0OwogICAgcGFkZGluZzogNDhweCA0OHB4IDQ4cHggNDhweDsKICAgIGJveC1zaGFkb3c6IDBweCAxcHggMzJweCAxMXB4IHJnYmEoMzgsIDM3LCA0NCwgMC40OSk7CiAgICBiYWNrZ3JvdW5kLWNvbG9yOiAjNWQ1YjZiOwogICAgb3ZlcmZsb3c6IGhpZGRlbjsKICAgIGFsaWduLWNvbnRlbnQ6IGZsZXgtc3RhcnQ7CiAgICBmbGV4LXdyYXA6IG5vd3JhcDsKICAgIGdhcDogMjQ7CiAgICBib3JkZXItcmFkaXVzOiAyNHB4Owp9CgouY29udGFpbmVyIGgxIHsKICAgIGZsZXgtc2hyaW5rOiAwOwogICAgd2lkdGg6IDEwMCU7CiAgICBoZWlnaHQ6IGF1dG87CiAgICBwb3NpdGlvbjogcmVsYXRpdmU7CiAgICBjb2xvcjogI2ZmZmZmZjsKICAgIGxpbmUtaGVpZ2h0OiAxLjI7CiAgICBmb250LXNpemU6IDQwcHg7Cn0KLmNvbnRhaW5lciBwIHsKICAgIHBvc2l0aW9uOiByZWxhdGl2ZTsKICAgIGNvbG9yOiAjZmZmZmZmOwogICAgbGluZS1oZWlnaHQ6IDEuMjsKICAgIGZvbnQtc2l6ZTogMThweDsKfQo8L3N0eWxlPgonID4gL3Zhci93d3cvaHRtbC9pbmRleC5odG1sCgo=",
            "vpc_security_group_ids": []
          },
          "sensitive_attributes": [],
          "private": "bnVsbA==",
          "dependencies": [
            "aws_security_group.three-tier-ec2-asg-sg",
            "aws_vpc.three-tier-vpc"
          ]
        }
      ]
    },
    {
      "mode": "managed",
      "type": "aws_lb",
      "name": "three-tier-web-aws-lb",
      "provider": "provider[\"registry.terraform.io/hashicorp/aws\"]",
      "instances": [
        {
          "schema_version": 0,
          "attributes": {
            "access_logs": [
              {
                "bucket": "",
                "enabled": false,
                "prefix": ""
              }
            ],
            "arn": "arn:aws:elasticloadbalancing:eu-west-1:961341527089:loadbalancer/app/three-tier-wen-lb/9d8a8309b6aff511",
            "arn_suffix": "app/three-tier-wen-lb/9d8a8309b6aff511",
            "client_keep_alive": 3600,
            "connection_logs": [
              {
                "bucket": "",
                "enabled": false,
                "prefix": ""
              }
            ],
            "customer_owned_ipv4_pool": "",
            "desync_mitigation_mode": "defensive",
            "dns_name": "internal-three-tier-wen-lb-1534807311.eu-west-1.elb.amazonaws.com",
            "dns_record_client_routing_policy": null,
            "drop_invalid_header_fields": false,
            "enable_cross_zone_load_balancing": true,
            "enable_deletion_protection": false,
            "enable_http2": true,
            "enable_tls_version_and_cipher_suite_headers": false,
            "enable_waf_fail_open": false,
            "enable_xff_client_port": false,
            "enable_zonal_shift": null,
            "enforce_security_group_inbound_rules_on_private_link_traffic": "",
            "id": "arn:aws:elasticloadbalancing:eu-west-1:961341527089:loadbalancer/app/three-tier-wen-lb/9d8a8309b6aff511",
            "idle_timeout": 60,
            "internal": true,
            "ip_address_type": "ipv4",
            "load_balancer_type": "application",
            "name": "three-tier-wen-lb",
            "name_prefix": "",
            "preserve_host_header": false,
            "security_groups": [
              "sg-03982378ad135ffe7"
            ],
            "subnet_mapping": [
              {
                "allocation_id": "",
                "ipv6_address": "",
                "outpost_id": "",
                "private_ipv4_address": "",
                "subnet_id": "subnet-01761471bb5ac6df9"
              },
              {
                "allocation_id": "",
                "ipv6_address": "",
                "outpost_id": "",
                "private_ipv4_address": "",
                "subnet_id": "subnet-07c9d8956b9b4ad7d"
              }
            ],
            "subnets": [
              "subnet-01761471bb5ac6df9",
              "subnet-07c9d8956b9b4ad7d"
            ],
            "tags": {
              "Environement": "three-tier-web-lb",
              "Environment": "Production",
              "Owner": "DevOps Team",
              "Project": "Three-Tier-App"
            },
            "tags_all": {
              "Environement": "three-tier-web-lb",
              "Environment": "Production",
              "Owner": "DevOps Team",
              "Project": "Three-Tier-App"
            },
            "timeouts": null,
            "vpc_id": "vpc-0b7d0af5d8c1e8df7",
            "xff_header_processing_mode": "append",
            "zone_id": "Z32O12XQLNTSW2"
          },
          "sensitive_attributes": [],
          "private": "eyJlMmJmYjczMC1lY2FhLTExZTYtOGY4OC0zNDM2M2JjN2M0YzAiOnsiY3JlYXRlIjo2MDAwMDAwMDAwMDAsImRlbGV0ZSI6NjAwMDAwMDAwMDAwLCJ1cGRhdGUiOjYwMDAwMDAwMDAwMH19",
          "dependencies": [
            "aws_security_group.three-tier-alb-sg-1",
            "aws_subnet.three-tier-pub-sub-1",
            "aws_subnet.three-tier-pub-sub-2",
            "aws_vpc.three-tier-vpc"
          ]
        }
      ]
    },
    {
      "mode": "managed",
      "type": "aws_lb_listener",
      "name": "three-tier-web-lb-listner",
      "provider": "provider[\"registry.terraform.io/hashicorp/aws\"]",
      "instances": [
        {
          "schema_version": 0,
          "attributes": {
            "alpn_policy": null,
            "arn": "arn:aws:elasticloadbalancing:eu-west-1:961341527089:listener/app/three-tier-wen-lb/9d8a8309b6aff511/56cb4d4a79a9cc96",
            "certificate_arn": null,
            "default_action": [
              {
                "authenticate_cognito": [],
                "authenticate_oidc": [],
                "fixed_response": [],
                "forward": [],
                "order": 1,
                "redirect": [],
                "target_group_arn": "arn:aws:elasticloadbalancing:eu-west-1:961341527089:targetgroup/three-tier-web-lb-tg/c1a511cf0f572daf",
                "type": "forward"
              }
            ],
            "id": "arn:aws:elasticloadbalancing:eu-west-1:961341527089:listener/app/three-tier-wen-lb/9d8a8309b6aff511/56cb4d4a79a9cc96",
            "load_balancer_arn": "arn:aws:elasticloadbalancing:eu-west-1:961341527089:loadbalancer/app/three-tier-wen-lb/9d8a8309b6aff511",
            "mutual_authentication": [],
            "port": 80,
            "protocol": "HTTP",
            "ssl_policy": "",
            "tags": {},
            "tags_all": {
              "Environment": "Production",
              "Owner": "DevOps Team",
              "Project": "Three-Tier-App"
            },
            "tcp_idle_timeout_seconds": null,
            "timeouts": null
          },
          "sensitive_attributes": [],
          "private": "eyJlMmJmYjczMC1lY2FhLTExZTYtOGY4OC0zNDM2M2JjN2M0YzAiOnsiY3JlYXRlIjozMDAwMDAwMDAwMDAsInVwZGF0ZSI6MzAwMDAwMDAwMDAwfX0=",
          "dependencies": [
            "aws_lb.three-tier-web-aws-lb",
            "aws_lb_target_group.three-tier-web-lb-tg",
            "aws_security_group.three-tier-alb-sg-1",
            "aws_subnet.three-tier-pub-sub-1",
            "aws_subnet.three-tier-pub-sub-2",
            "aws_vpc.three-tier-vpc"
          ]
        }
      ]
    },
    {
      "mode": "managed",
      "type": "aws_lb_target_group",
      "name": "three-tier-web-lb-tg",
      "provider": "provider[\"registry.terraform.io/hashicorp/aws\"]",
      "instances": [
        {
          "schema_version": 0,
          "attributes": {
            "arn": "arn:aws:elasticloadbalancing:eu-west-1:961341527089:targetgroup/three-tier-web-lb-tg/c1a511cf0f572daf",
            "arn_suffix": "targetgroup/three-tier-web-lb-tg/c1a511cf0f572daf",
            "connection_termination": null,
            "deregistration_delay": "300",
            "health_check": [
              {
                "enabled": true,
                "healthy_threshold": 3,
                "interval": 30,
                "matcher": "200",
                "path": "/",
                "port": "traffic-port",
                "protocol": "HTTP",
                "timeout": 10,
                "unhealthy_threshold": 3
              }
            ],
            "id": "arn:aws:elasticloadbalancing:eu-west-1:961341527089:targetgroup/three-tier-web-lb-tg/c1a511cf0f572daf",
            "ip_address_type": "ipv4",
            "lambda_multi_value_headers_enabled": false,
            "load_balancer_arns": [
              "arn:aws:elasticloadbalancing:eu-west-1:961341527089:loadbalancer/app/three-tier-wen-lb/9d8a8309b6aff511"
            ],
            "load_balancing_algorithm_type": "round_robin",
            "load_balancing_anomaly_mitigation": "off",
            "load_balancing_cross_zone_enabled": "use_load_balancer_configuration",
            "name": "three-tier-web-lb-tg",
            "name_prefix": "",
            "port": 80,
            "preserve_client_ip": null,
            "protocol": "HTTP",
            "protocol_version": "HTTP1",
            "proxy_protocol_v2": false,
            "slow_start": 0,
            "stickiness": [
              {
                "cookie_duration": 86400,
                "cookie_name": "",
                "enabled": false,
                "type": "lb_cookie"
              }
            ],
            "tags": {},
            "tags_all": {
              "Environment": "Production",
              "Owner": "DevOps Team",
              "Project": "Three-Tier-App"
            },
            "target_failover": [
              {
                "on_deregistration": null,
                "on_unhealthy": null
              }
            ],
            "target_group_health": [
              {
                "dns_failover": [
                  {
                    "minimum_healthy_targets_count": "1",
                    "minimum_healthy_targets_percentage": "off"
                  }
                ],
                "unhealthy_state_routing": [
                  {
                    "minimum_healthy_targets_count": 1,
                    "minimum_healthy_targets_percentage": "off"
                  }
                ]
              }
            ],
            "target_health_state": [
              {
                "enable_unhealthy_connection_termination": null,
                "unhealthy_draining_interval": null
              }
            ],
            "target_type": "instance",
            "vpc_id": "vpc-0b7d0af5d8c1e8df7"
          },
          "sensitive_attributes": [],
          "private": "bnVsbA==",
          "dependencies": [
            "aws_vpc.three-tier-vpc"
          ]
        }
      ]
    },
    {
      "mode": "managed",
      "type": "aws_nat_gateway",
      "name": "three-tier-natgw-01",
      "provider": "provider[\"registry.terraform.io/hashicorp/aws\"]",
      "instances": [
        {
          "schema_version": 0,
          "attributes": {
            "allocation_id": "eipalloc-051021995fc97fd3f",
            "association_id": "eipassoc-005b29fa1f98ec9be",
            "connectivity_type": "public",
            "id": "nat-07989e8d26a56f914",
            "network_interface_id": "eni-0a01511a0760d1bb9",
            "private_ip": "10.1.1.7",
            "public_ip": "54.228.175.123",
            "secondary_allocation_ids": [],
            "secondary_private_ip_address_count": 0,
            "secondary_private_ip_addresses": [],
            "subnet_id": "subnet-07c9d8956b9b4ad7d",
            "tags": {
              "Environment": "Production",
              "Name": "three-tier-natgw-01",
              "Owner": "DevOps Team",
              "Project": "Three-Tier-App"
            },
            "tags_all": {
              "Environment": "Production",
              "Name": "three-tier-natgw-01",
              "Owner": "DevOps Team",
              "Project": "Three-Tier-App"
            },
            "timeouts": null
          },
          "sensitive_attributes": [],
          "private": "eyJlMmJmYjczMC1lY2FhLTExZTYtOGY4OC0zNDM2M2JjN2M0YzAiOnsiY3JlYXRlIjo2MDAwMDAwMDAwMDAsImRlbGV0ZSI6MTgwMDAwMDAwMDAwMCwidXBkYXRlIjo2MDAwMDAwMDAwMDB9fQ==",
          "dependencies": [
            "aws_eip.three-tier-nat-eip",
            "aws_internet_gateway.three-tier-igw",
            "aws_subnet.three-tier-pub-sub-1",
            "aws_vpc.three-tier-vpc"
          ]
        }
      ]
    },
    {
      "mode": "managed",
      "type": "aws_route_table",
      "name": "three-tier-app-rt",
      "provider": "provider[\"registry.terraform.io/hashicorp/aws\"]",
      "instances": [
        {
          "schema_version": 0,
          "attributes": {
            "arn": "arn:aws:ec2:eu-west-1:961341527089:route-table/rtb-03c140fbe32e782bc",
            "id": "rtb-03c140fbe32e782bc",
            "owner_id": "961341527089",
            "propagating_vgws": [],
            "route": [
              {
                "carrier_gateway_id": "",
                "cidr_block": "0.0.0.0/0",
                "core_network_arn": "",
                "destination_prefix_list_id": "",
                "egress_only_gateway_id": "",
                "gateway_id": "",
                "ipv6_cidr_block": "",
                "local_gateway_id": "",
                "nat_gateway_id": "nat-07989e8d26a56f914",
                "network_interface_id": "",
                "transit_gateway_id": "",
                "vpc_endpoint_id": "",
                "vpc_peering_connection_id": ""
              }
            ],
            "tags": {
              "Environment": "Production",
              "Name": "three-tier-app-rt",
              "Owner": "DevOps Team",
              "Project": "Three-Tier-App"
            },
            "tags_all": {
              "Environment": "Production",
              "Name": "three-tier-app-rt",
              "Owner": "DevOps Team",
              "Project": "Three-Tier-App"
            },
            "timeouts": null,
            "vpc_id": "vpc-0b7d0af5d8c1e8df7"
          },
          "sensitive_attributes": [],
          "private": "eyJlMmJmYjczMC1lY2FhLTExZTYtOGY4OC0zNDM2M2JjN2M0YzAiOnsiY3JlYXRlIjozMDAwMDAwMDAwMDAsImRlbGV0ZSI6MzAwMDAwMDAwMDAwLCJ1cGRhdGUiOjEyMDAwMDAwMDAwMH19",
          "dependencies": [
            "aws_eip.three-tier-nat-eip",
            "aws_internet_gateway.three-tier-igw",
            "aws_nat_gateway.three-tier-natgw-01",
            "aws_subnet.three-tier-pub-sub-1",
            "aws_vpc.three-tier-vpc"
          ]
        }
      ]
    },
    {
      "mode": "managed",
      "type": "aws_route_table",
      "name": "three-tier-web-rt",
      "provider": "provider[\"registry.terraform.io/hashicorp/aws\"]",
      "instances": [
        {
          "schema_version": 0,
          "attributes": {
            "arn": "arn:aws:ec2:eu-west-1:961341527089:route-table/rtb-01880a3485101fe27",
            "id": "rtb-01880a3485101fe27",
            "owner_id": "961341527089",
            "propagating_vgws": [],
            "route": [
              {
                "carrier_gateway_id": "",
                "cidr_block": "0.0.0.0/0",
                "core_network_arn": "",
                "destination_prefix_list_id": "",
                "egress_only_gateway_id": "",
                "gateway_id": "igw-016c38338c2087490",
                "ipv6_cidr_block": "",
                "local_gateway_id": "",
                "nat_gateway_id": "",
                "network_interface_id": "",
                "transit_gateway_id": "",
                "vpc_endpoint_id": "",
                "vpc_peering_connection_id": ""
              }
            ],
            "tags": {
              "Environment": "Production",
              "Name": "three-tier-web-rt",
              "Owner": "DevOps Team",
              "Project": "Three-Tier-App"
            },
            "tags_all": {
              "Environment": "Production",
              "Name": "three-tier-web-rt",
              "Owner": "DevOps Team",
              "Project": "Three-Tier-App"
            },
            "timeouts": null,
            "vpc_id": "vpc-0b7d0af5d8c1e8df7"
          },
          "sensitive_attributes": [],
          "private": "eyJlMmJmYjczMC1lY2FhLTExZTYtOGY4OC0zNDM2M2JjN2M0YzAiOnsiY3JlYXRlIjozMDAwMDAwMDAwMDAsImRlbGV0ZSI6MzAwMDAwMDAwMDAwLCJ1cGRhdGUiOjEyMDAwMDAwMDAwMH19",
          "dependencies": [
            "aws_internet_gateway.three-tier-igw",
            "aws_vpc.three-tier-vpc"
          ]
        }
      ]
    },
    {
      "mode": "managed",
      "type": "aws_route_table_association",
      "name": "three-tier-rt-as-1",
      "provider": "provider[\"registry.terraform.io/hashicorp/aws\"]",
      "instances": [
        {
          "schema_version": 0,
          "attributes": {
            "gateway_id": "",
            "id": "rtbassoc-0a68f3699f08751a5",
            "route_table_id": "rtb-01880a3485101fe27",
            "subnet_id": "subnet-07c9d8956b9b4ad7d",
            "timeouts": null
          },
          "sensitive_attributes": [],
          "private": "eyJlMmJmYjczMC1lY2FhLTExZTYtOGY4OC0zNDM2M2JjN2M0YzAiOnsiY3JlYXRlIjozMDAwMDAwMDAwMDAsImRlbGV0ZSI6MzAwMDAwMDAwMDAwLCJ1cGRhdGUiOjEyMDAwMDAwMDAwMH19",
          "dependencies": [
            "aws_internet_gateway.three-tier-igw",
            "aws_route_table.three-tier-web-rt",
            "aws_subnet.three-tier-pub-sub-1",
            "aws_vpc.three-tier-vpc"
          ]
        }
      ]
    },
    {
      "mode": "managed",
      "type": "aws_route_table_association",
      "name": "three-tier-rt-as-2",
      "provider": "provider[\"registry.terraform.io/hashicorp/aws\"]",
      "instances": [
        {
          "schema_version": 0,
          "attributes": {
            "gateway_id": "",
            "id": "rtbassoc-015ccbcd48d7c13c0",
            "route_table_id": "rtb-01880a3485101fe27",
            "subnet_id": "subnet-01761471bb5ac6df9",
            "timeouts": null
          },
          "sensitive_attributes": [],
          "private": "eyJlMmJmYjczMC1lY2FhLTExZTYtOGY4OC0zNDM2M2JjN2M0YzAiOnsiY3JlYXRlIjozMDAwMDAwMDAwMDAsImRlbGV0ZSI6MzAwMDAwMDAwMDAwLCJ1cGRhdGUiOjEyMDAwMDAwMDAwMH19",
          "dependencies": [
            "aws_internet_gateway.three-tier-igw",
            "aws_route_table.three-tier-web-rt",
            "aws_subnet.three-tier-pub-sub-2",
            "aws_vpc.three-tier-vpc"
          ]
        }
      ]
    },
    {
      "mode": "managed",
      "type": "aws_route_table_association",
      "name": "three-tier-rt-as-3",
      "provider": "provider[\"registry.terraform.io/hashicorp/aws\"]",
      "instances": [
        {
          "schema_version": 0,
          "attributes": {
            "gateway_id": "",
            "id": "rtbassoc-0766b6a89dba17a56",
            "route_table_id": "rtb-03c140fbe32e782bc",
            "subnet_id": "subnet-089a7d339c2cd60a7",
            "timeouts": null
          },
          "sensitive_attributes": [],
          "private": "eyJlMmJmYjczMC1lY2FhLTExZTYtOGY4OC0zNDM2M2JjN2M0YzAiOnsiY3JlYXRlIjozMDAwMDAwMDAwMDAsImRlbGV0ZSI6MzAwMDAwMDAwMDAwLCJ1cGRhdGUiOjEyMDAwMDAwMDAwMH19",
          "dependencies": [
            "aws_eip.three-tier-nat-eip",
            "aws_internet_gateway.three-tier-igw",
            "aws_nat_gateway.three-tier-natgw-01",
            "aws_route_table.three-tier-app-rt",
            "aws_subnet.three-tier-pub-sub-1",
            "aws_subnet.three-tier-pvt-sub-1",
            "aws_vpc.three-tier-vpc"
          ]
        }
      ]
    },
    {
      "mode": "managed",
      "type": "aws_route_table_association",
      "name": "three-tier-rt-as-4",
      "provider": "provider[\"registry.terraform.io/hashicorp/aws\"]",
      "instances": [
        {
          "schema_version": 0,
          "attributes": {
            "gateway_id": "",
            "id": "rtbassoc-08c93a4e1d9094c2e",
            "route_table_id": "rtb-03c140fbe32e782bc",
            "subnet_id": "subnet-033560658ff0291de",
            "timeouts": null
          },
          "sensitive_attributes": [],
          "private": "eyJlMmJmYjczMC1lY2FhLTExZTYtOGY4OC0zNDM2M2JjN2M0YzAiOnsiY3JlYXRlIjozMDAwMDAwMDAwMDAsImRlbGV0ZSI6MzAwMDAwMDAwMDAwLCJ1cGRhdGUiOjEyMDAwMDAwMDAwMH19",
          "dependencies": [
            "aws_eip.three-tier-nat-eip",
            "aws_internet_gateway.three-tier-igw",
            "aws_nat_gateway.three-tier-natgw-01",
            "aws_route_table.three-tier-app-rt",
            "aws_subnet.three-tier-pub-sub-1",
            "aws_subnet.three-tier-pvt-sub-2",
            "aws_vpc.three-tier-vpc"
          ]
        }
      ]
    },
    {
      "mode": "managed",
      "type": "aws_route_table_association",
      "name": "three-tier-rt-as-5",
      "provider": "provider[\"registry.terraform.io/hashicorp/aws\"]",
      "instances": [
        {
          "schema_version": 0,
          "attributes": {
            "gateway_id": "",
            "id": "rtbassoc-0a6ac14bc5333522a",
            "route_table_id": "rtb-03c140fbe32e782bc",
            "subnet_id": "subnet-05800d69da82babf7",
            "timeouts": null
          },
          "sensitive_attributes": [],
          "private": "eyJlMmJmYjczMC1lY2FhLTExZTYtOGY4OC0zNDM2M2JjN2M0YzAiOnsiY3JlYXRlIjozMDAwMDAwMDAwMDAsImRlbGV0ZSI6MzAwMDAwMDAwMDAwLCJ1cGRhdGUiOjEyMDAwMDAwMDAwMH19",
          "dependencies": [
            "aws_eip.three-tier-nat-eip",
            "aws_internet_gateway.three-tier-igw",
            "aws_nat_gateway.three-tier-natgw-01",
            "aws_route_table.three-tier-app-rt",
            "aws_subnet.three-tier-pub-sub-1",
            "aws_subnet.three-tier-pvt-sub-3",
            "aws_vpc.three-tier-vpc"
          ]
        }
      ]
    },
    {
      "mode": "managed",
      "type": "aws_route_table_association",
      "name": "three-tier-rt-as-6",
      "provider": "provider[\"registry.terraform.io/hashicorp/aws\"]",
      "instances": [
        {
          "schema_version": 0,
          "attributes": {
            "gateway_id": "",
            "id": "rtbassoc-0897ec5acec9f9b9d",
            "route_table_id": "rtb-03c140fbe32e782bc",
            "subnet_id": "subnet-04f81ff1eb919e08c",
            "timeouts": null
          },
          "sensitive_attributes": [],
          "private": "eyJlMmJmYjczMC1lY2FhLTExZTYtOGY4OC0zNDM2M2JjN2M0YzAiOnsiY3JlYXRlIjozMDAwMDAwMDAwMDAsImRlbGV0ZSI6MzAwMDAwMDAwMDAwLCJ1cGRhdGUiOjEyMDAwMDAwMDAwMH19",
          "dependencies": [
            "aws_eip.three-tier-nat-eip",
            "aws_internet_gateway.three-tier-igw",
            "aws_nat_gateway.three-tier-natgw-01",
            "aws_route_table.three-tier-app-rt",
            "aws_subnet.three-tier-pub-sub-1",
            "aws_subnet.three-tier-pvt-sub-4",
            "aws_vpc.three-tier-vpc"
          ]
        }
      ]
    },
    {
      "mode": "managed",
      "type": "aws_security_group",
      "name": "three-tier-alb-sg-1",
      "provider": "provider[\"registry.terraform.io/hashicorp/aws\"]",
      "instances": [
        {
          "schema_version": 1,
          "attributes": {
            "arn": "arn:aws:ec2:eu-west-1:961341527089:security-group/sg-03982378ad135ffe7",
            "description": "SG for Application Load Balancer",
            "egress": [
              {
                "cidr_blocks": [
                  "0.0.0.0/0"
                ],
                "description": "",
                "from_port": 0,
                "ipv6_cidr_blocks": [],
                "prefix_list_ids": [],
                "protocol": "-1",
                "security_groups": [],
                "self": false,
                "to_port": 0
              }
            ],
            "id": "sg-03982378ad135ffe7",
            "ingress": [
              {
                "cidr_blocks": [
                  "0.0.0.0/0"
                ],
                "description": "",
                "from_port": 80,
                "ipv6_cidr_blocks": [],
                "prefix_list_ids": [],
                "protocol": "tcp",
                "security_groups": [],
                "self": false,
                "to_port": 80
              }
            ],
            "name": "three-tier-alb-sg-1",
            "name_prefix": "",
            "owner_id": "961341527089",
            "revoke_rules_on_delete": false,
            "tags": {
              "Name": "three-tier-alb-sg-1"
            },
            "tags_all": {
              "Environment": "Production",
              "Name": "three-tier-alb-sg-1",
              "Owner": "DevOps Team",
              "Project": "Three-Tier-App"
            },
            "timeouts": null,
            "vpc_id": "vpc-0b7d0af5d8c1e8df7"
          },
          "sensitive_attributes": [],
          "private": "eyJlMmJmYjczMC1lY2FhLTExZTYtOGY4OC0zNDM2M2JjN2M0YzAiOnsiY3JlYXRlIjo2MDAwMDAwMDAwMDAsImRlbGV0ZSI6OTAwMDAwMDAwMDAwfSwic2NoZW1hX3ZlcnNpb24iOiIxIn0=",
          "dependencies": [
            "aws_vpc.three-tier-vpc"
          ]
        }
      ]
    },
    {
      "mode": "managed",
      "type": "aws_security_group",
      "name": "three-tier-db-sg",
      "provider": "provider[\"registry.terraform.io/hashicorp/aws\"]",
      "instances": [
        {
          "schema_version": 1,
          "attributes": {
            "arn": "arn:aws:ec2:eu-west-1:961341527089:security-group/sg-07d4925c813a7a3d7",
            "description": "Security group for RDS database instance",
            "egress": [
              {
                "cidr_blocks": [
                  "0.0.0.0/0"
                ],
                "description": "",
                "from_port": 0,
                "ipv6_cidr_blocks": [],
                "prefix_list_ids": [],
                "protocol": "-1",
                "security_groups": [],
                "self": false,
                "to_port": 0
              }
            ],
            "id": "sg-07d4925c813a7a3d7",
            "ingress": [
              {
                "cidr_blocks": [],
                "description": "",
                "from_port": 3306,
                "ipv6_cidr_blocks": [],
                "prefix_list_ids": [],
                "protocol": "tcp",
                "security_groups": [
                  "sg-0bdb3191b7a54ec37"
                ],
                "self": false,
                "to_port": 3306
              }
            ],
            "name": "three-tier-db-sg",
            "name_prefix": "",
            "owner_id": "961341527089",
            "revoke_rules_on_delete": false,
            "tags": {
              "Name": "three-tier-db-sg"
            },
            "tags_all": {
              "Environment": "Production",
              "Name": "three-tier-db-sg",
              "Owner": "DevOps Team",
              "Project": "Three-Tier-App"
            },
            "timeouts": null,
            "vpc_id": "vpc-0b7d0af5d8c1e8df7"
          },
          "sensitive_attributes": [],
          "private": "eyJlMmJmYjczMC1lY2FhLTExZTYtOGY4OC0zNDM2M2JjN2M0YzAiOnsiY3JlYXRlIjo2MDAwMDAwMDAwMDAsImRlbGV0ZSI6OTAwMDAwMDAwMDAwfSwic2NoZW1hX3ZlcnNpb24iOiIxIn0=",
          "dependencies": [
            "aws_security_group.three-tier-ec2-asg-sg-app",
            "aws_vpc.three-tier-vpc"
          ]
        }
      ]
    },
    {
      "mode": "managed",
      "type": "aws_security_group",
      "name": "three-tier-ec2-asg-sg",
      "provider": "provider[\"registry.terraform.io/hashicorp/aws\"]",
      "instances": [
        {
          "schema_version": 1,
          "attributes": {
            "arn": "arn:aws:ec2:eu-west-1:961341527089:security-group/sg-077c81f064d36198f",
            "description": "Security group for EC2 Auto Scaling Group",
            "egress": [
              {
                "cidr_blocks": [
                  "0.0.0.0/0"
                ],
                "description": "",
                "from_port": 0,
                "ipv6_cidr_blocks": [],
                "prefix_list_ids": [],
                "protocol": "-1",
                "security_groups": [],
                "self": false,
                "to_port": 0
              }
            ],
            "id": "sg-077c81f064d36198f",
            "ingress": [
              {
                "cidr_blocks": [
                  "0.0.0.0/0"
                ],
                "description": "",
                "from_port": 80,
                "ipv6_cidr_blocks": [],
                "prefix_list_ids": [],
                "protocol": "tcp",
                "security_groups": [],
                "self": false,
                "to_port": 80
              }
            ],
            "name": "three-tier-ec2-asg-sg-web-unique",
            "name_prefix": "",
            "owner_id": "961341527089",
            "revoke_rules_on_delete": false,
            "tags": {},
            "tags_all": {
              "Environment": "Production",
              "Owner": "DevOps Team",
              "Project": "Three-Tier-App"
            },
            "timeouts": null,
            "vpc_id": "vpc-0b7d0af5d8c1e8df7"
          },
          "sensitive_attributes": [],
          "private": "eyJlMmJmYjczMC1lY2FhLTExZTYtOGY4OC0zNDM2M2JjN2M0YzAiOnsiY3JlYXRlIjo2MDAwMDAwMDAwMDAsImRlbGV0ZSI6OTAwMDAwMDAwMDAwfSwic2NoZW1hX3ZlcnNpb24iOiIxIn0=",
          "dependencies": [
            "aws_vpc.three-tier-vpc"
          ]
        }
      ]
    },
    {
      "mode": "managed",
      "type": "aws_security_group",
      "name": "three-tier-ec2-asg-sg-app",
      "provider": "provider[\"registry.terraform.io/hashicorp/aws\"]",
      "instances": [
        {
          "schema_version": 1,
          "attributes": {
            "arn": "arn:aws:ec2:eu-west-1:961341527089:security-group/sg-0bdb3191b7a54ec37",
            "description": "SG for EC2 instances in the App Auto Scaling Group",
            "egress": [
              {
                "cidr_blocks": [
                  "0.0.0.0/0"
                ],
                "description": "",
                "from_port": 0,
                "ipv6_cidr_blocks": [],
                "prefix_list_ids": [],
                "protocol": "-1",
                "security_groups": [],
                "self": false,
                "to_port": 0
              }
            ],
            "id": "sg-0bdb3191b7a54ec37",
            "ingress": [
              {
                "cidr_blocks": [
                  "10.0.0.0/16"
                ],
                "description": "",
                "from_port": 3306,
                "ipv6_cidr_blocks": [],
                "prefix_list_ids": [],
                "protocol": "tcp",
                "security_groups": [],
                "self": false,
                "to_port": 3306
              }
            ],
            "name": "three-tier-ec2-asg-sg-app",
            "name_prefix": "",
            "owner_id": "961341527089",
            "revoke_rules_on_delete": false,
            "tags": {
              "Name": "three-tier-db-sg"
            },
            "tags_all": {
              "Environment": "Production",
              "Name": "three-tier-db-sg",
              "Owner": "DevOps Team",
              "Project": "Three-Tier-App"
            },
            "timeouts": null,
            "vpc_id": "vpc-0b7d0af5d8c1e8df7"
          },
          "sensitive_attributes": [],
          "private": "eyJlMmJmYjczMC1lY2FhLTExZTYtOGY4OC0zNDM2M2JjN2M0YzAiOnsiY3JlYXRlIjo2MDAwMDAwMDAwMDAsImRlbGV0ZSI6OTAwMDAwMDAwMDAwfSwic2NoZW1hX3ZlcnNpb24iOiIxIn0=",
          "dependencies": [
            "aws_vpc.three-tier-vpc"
          ]
        }
      ]
    },
    {
      "mode": "managed",
      "type": "aws_subnet",
      "name": "three-tier-pub-sub-1",
      "provider": "provider[\"registry.terraform.io/hashicorp/aws\"]",
      "instances": [
        {
          "schema_version": 1,
          "attributes": {
            "arn": "arn:aws:ec2:eu-west-1:961341527089:subnet/subnet-07c9d8956b9b4ad7d",
            "assign_ipv6_address_on_creation": false,
            "availability_zone": "eu-west-1a",
            "availability_zone_id": "euw1-az2",
            "cidr_block": "10.1.1.0/28",
            "customer_owned_ipv4_pool": "",
            "enable_dns64": false,
            "enable_lni_at_device_index": 0,
            "enable_resource_name_dns_a_record_on_launch": false,
            "enable_resource_name_dns_aaaa_record_on_launch": false,
            "id": "subnet-07c9d8956b9b4ad7d",
            "ipv6_cidr_block": "",
            "ipv6_cidr_block_association_id": "",
            "ipv6_native": false,
            "map_customer_owned_ip_on_launch": false,
            "map_public_ip_on_launch": true,
            "outpost_arn": "",
            "owner_id": "961341527089",
            "private_dns_hostname_type_on_launch": "ip-name",
            "tags": {
              "Environment": "Production",
              "Name": "three-tier-pub-sub-1",
              "Owner": "DevOps Team",
              "Project": "Three-Tier-App"
            },
            "tags_all": {
              "Environment": "Production",
              "Name": "three-tier-pub-sub-1",
              "Owner": "DevOps Team",
              "Project": "Three-Tier-App"
            },
            "timeouts": null,
            "vpc_id": "vpc-0b7d0af5d8c1e8df7"
          },
          "sensitive_attributes": [],
          "private": "eyJlMmJmYjczMC1lY2FhLTExZTYtOGY4OC0zNDM2M2JjN2M0YzAiOnsiY3JlYXRlIjo2MDAwMDAwMDAwMDAsImRlbGV0ZSI6MTIwMDAwMDAwMDAwMH0sInNjaGVtYV92ZXJzaW9uIjoiMSJ9",
          "dependencies": [
            "aws_vpc.three-tier-vpc"
          ]
        }
      ]
    },
    {
      "mode": "managed",
      "type": "aws_subnet",
      "name": "three-tier-pub-sub-2",
      "provider": "provider[\"registry.terraform.io/hashicorp/aws\"]",
      "instances": [
        {
          "schema_version": 1,
          "attributes": {
            "arn": "arn:aws:ec2:eu-west-1:961341527089:subnet/subnet-01761471bb5ac6df9",
            "assign_ipv6_address_on_creation": false,
            "availability_zone": "eu-west-1b",
            "availability_zone_id": "euw1-az3",
            "cidr_block": "10.1.1.16/28",
            "customer_owned_ipv4_pool": "",
            "enable_dns64": false,
            "enable_lni_at_device_index": 0,
            "enable_resource_name_dns_a_record_on_launch": false,
            "enable_resource_name_dns_aaaa_record_on_launch": false,
            "id": "subnet-01761471bb5ac6df9",
            "ipv6_cidr_block": "",
            "ipv6_cidr_block_association_id": "",
            "ipv6_native": false,
            "map_customer_owned_ip_on_launch": false,
            "map_public_ip_on_launch": true,
            "outpost_arn": "",
            "owner_id": "961341527089",
            "private_dns_hostname_type_on_launch": "ip-name",
            "tags": {
              "Environment": "Production",
              "Name": "three-tier-pub-sub-2",
              "Owner": "DevOps Team",
              "Project": "Three-Tier-App"
            },
            "tags_all": {
              "Environment": "Production",
              "Name": "three-tier-pub-sub-2",
              "Owner": "DevOps Team",
              "Project": "Three-Tier-App"
            },
            "timeouts": null,
            "vpc_id": "vpc-0b7d0af5d8c1e8df7"
          },
          "sensitive_attributes": [],
          "private": "eyJlMmJmYjczMC1lY2FhLTExZTYtOGY4OC0zNDM2M2JjN2M0YzAiOnsiY3JlYXRlIjo2MDAwMDAwMDAwMDAsImRlbGV0ZSI6MTIwMDAwMDAwMDAwMH0sInNjaGVtYV92ZXJzaW9uIjoiMSJ9",
          "dependencies": [
            "aws_vpc.three-tier-vpc"
          ]
        }
      ]
    },
    {
      "mode": "managed",
      "type": "aws_subnet",
      "name": "three-tier-pvt-sub-1",
      "provider": "provider[\"registry.terraform.io/hashicorp/aws\"]",
      "instances": [
        {
          "schema_version": 1,
          "attributes": {
            "arn": "arn:aws:ec2:eu-west-1:961341527089:subnet/subnet-089a7d339c2cd60a7",
            "assign_ipv6_address_on_creation": false,
            "availability_zone": "eu-west-1a",
            "availability_zone_id": "euw1-az2",
            "cidr_block": "10.1.2.0/28",
            "customer_owned_ipv4_pool": "",
            "enable_dns64": false,
            "enable_lni_at_device_index": 0,
            "enable_resource_name_dns_a_record_on_launch": false,
            "enable_resource_name_dns_aaaa_record_on_launch": false,
            "id": "subnet-089a7d339c2cd60a7",
            "ipv6_cidr_block": "",
            "ipv6_cidr_block_association_id": "",
            "ipv6_native": false,
            "map_customer_owned_ip_on_launch": false,
            "map_public_ip_on_launch": false,
            "outpost_arn": "",
            "owner_id": "961341527089",
            "private_dns_hostname_type_on_launch": "ip-name",
            "tags": {
              "Environment": "Production",
              "Name": "three-tier-pvt-sub-1",
              "Owner": "DevOps Team",
              "Project": "Three-Tier-App"
            },
            "tags_all": {
              "Environment": "Production",
              "Name": "three-tier-pvt-sub-1",
              "Owner": "DevOps Team",
              "Project": "Three-Tier-App"
            },
            "timeouts": null,
            "vpc_id": "vpc-0b7d0af5d8c1e8df7"
          },
          "sensitive_attributes": [],
          "private": "eyJlMmJmYjczMC1lY2FhLTExZTYtOGY4OC0zNDM2M2JjN2M0YzAiOnsiY3JlYXRlIjo2MDAwMDAwMDAwMDAsImRlbGV0ZSI6MTIwMDAwMDAwMDAwMH0sInNjaGVtYV92ZXJzaW9uIjoiMSJ9",
          "dependencies": [
            "aws_vpc.three-tier-vpc"
          ]
        }
      ]
    },
    {
      "mode": "managed",
      "type": "aws_subnet",
      "name": "three-tier-pvt-sub-2",
      "provider": "provider[\"registry.terraform.io/hashicorp/aws\"]",
      "instances": [
        {
          "schema_version": 1,
          "attributes": {
            "arn": "arn:aws:ec2:eu-west-1:961341527089:subnet/subnet-033560658ff0291de",
            "assign_ipv6_address_on_creation": false,
            "availability_zone": "eu-west-1b",
            "availability_zone_id": "euw1-az3",
            "cidr_block": "10.1.2.16/28",
            "customer_owned_ipv4_pool": "",
            "enable_dns64": false,
            "enable_lni_at_device_index": 0,
            "enable_resource_name_dns_a_record_on_launch": false,
            "enable_resource_name_dns_aaaa_record_on_launch": false,
            "id": "subnet-033560658ff0291de",
            "ipv6_cidr_block": "",
            "ipv6_cidr_block_association_id": "",
            "ipv6_native": false,
            "map_customer_owned_ip_on_launch": false,
            "map_public_ip_on_launch": false,
            "outpost_arn": "",
            "owner_id": "961341527089",
            "private_dns_hostname_type_on_launch": "ip-name",
            "tags": {
              "Environment": "Production",
              "Name": "three-tier-pvt-sub-2",
              "Owner": "DevOps Team",
              "Project": "Three-Tier-App"
            },
            "tags_all": {
              "Environment": "Production",
              "Name": "three-tier-pvt-sub-2",
              "Owner": "DevOps Team",
              "Project": "Three-Tier-App"
            },
            "timeouts": null,
            "vpc_id": "vpc-0b7d0af5d8c1e8df7"
          },
          "sensitive_attributes": [],
          "private": "eyJlMmJmYjczMC1lY2FhLTExZTYtOGY4OC0zNDM2M2JjN2M0YzAiOnsiY3JlYXRlIjo2MDAwMDAwMDAwMDAsImRlbGV0ZSI6MTIwMDAwMDAwMDAwMH0sInNjaGVtYV92ZXJzaW9uIjoiMSJ9",
          "dependencies": [
            "aws_vpc.three-tier-vpc"
          ]
        }
      ]
    },
    {
      "mode": "managed",
      "type": "aws_subnet",
      "name": "three-tier-pvt-sub-3",
      "provider": "provider[\"registry.terraform.io/hashicorp/aws\"]",
      "instances": [
        {
          "schema_version": 1,
          "attributes": {
            "arn": "arn:aws:ec2:eu-west-1:961341527089:subnet/subnet-05800d69da82babf7",
            "assign_ipv6_address_on_creation": false,
            "availability_zone": "eu-west-1a",
            "availability_zone_id": "euw1-az2",
            "cidr_block": "10.1.2.32/28",
            "customer_owned_ipv4_pool": "",
            "enable_dns64": false,
            "enable_lni_at_device_index": 0,
            "enable_resource_name_dns_a_record_on_launch": false,
            "enable_resource_name_dns_aaaa_record_on_launch": false,
            "id": "subnet-05800d69da82babf7",
            "ipv6_cidr_block": "",
            "ipv6_cidr_block_association_id": "",
            "ipv6_native": false,
            "map_customer_owned_ip_on_launch": false,
            "map_public_ip_on_launch": false,
            "outpost_arn": "",
            "owner_id": "961341527089",
            "private_dns_hostname_type_on_launch": "ip-name",
            "tags": {
              "Environment": "Production",
              "Name": "three-tier-pvt-sub-3",
              "Owner": "DevOps Team",
              "Project": "Three-Tier-App"
            },
            "tags_all": {
              "Environment": "Production",
              "Name": "three-tier-pvt-sub-3",
              "Owner": "DevOps Team",
              "Project": "Three-Tier-App"
            },
            "timeouts": null,
            "vpc_id": "vpc-0b7d0af5d8c1e8df7"
          },
          "sensitive_attributes": [],
          "private": "eyJlMmJmYjczMC1lY2FhLTExZTYtOGY4OC0zNDM2M2JjN2M0YzAiOnsiY3JlYXRlIjo2MDAwMDAwMDAwMDAsImRlbGV0ZSI6MTIwMDAwMDAwMDAwMH0sInNjaGVtYV92ZXJzaW9uIjoiMSJ9",
          "dependencies": [
            "aws_vpc.three-tier-vpc"
          ]
        }
      ]
    },
    {
      "mode": "managed",
      "type": "aws_subnet",
      "name": "three-tier-pvt-sub-4",
      "provider": "provider[\"registry.terraform.io/hashicorp/aws\"]",
      "instances": [
        {
          "schema_version": 1,
          "attributes": {
            "arn": "arn:aws:ec2:eu-west-1:961341527089:subnet/subnet-04f81ff1eb919e08c",
            "assign_ipv6_address_on_creation": false,
            "availability_zone": "eu-west-1b",
            "availability_zone_id": "euw1-az3",
            "cidr_block": "10.1.2.48/28",
            "customer_owned_ipv4_pool": "",
            "enable_dns64": false,
            "enable_lni_at_device_index": 0,
            "enable_resource_name_dns_a_record_on_launch": false,
            "enable_resource_name_dns_aaaa_record_on_launch": false,
            "id": "subnet-04f81ff1eb919e08c",
            "ipv6_cidr_block": "",
            "ipv6_cidr_block_association_id": "",
            "ipv6_native": false,
            "map_customer_owned_ip_on_launch": false,
            "map_public_ip_on_launch": false,
            "outpost_arn": "",
            "owner_id": "961341527089",
            "private_dns_hostname_type_on_launch": "ip-name",
            "tags": {
              "Environment": "Production",
              "Name": "three-tier-pvt-sub-4",
              "Owner": "DevOps Team",
              "Project": "Three-Tier-App"
            },
            "tags_all": {
              "Environment": "Production",
              "Name": "three-tier-pvt-sub-4",
              "Owner": "DevOps Team",
              "Project": "Three-Tier-App"
            },
            "timeouts": null,
            "vpc_id": "vpc-0b7d0af5d8c1e8df7"
          },
          "sensitive_attributes": [],
          "private": "eyJlMmJmYjczMC1lY2FhLTExZTYtOGY4OC0zNDM2M2JjN2M0YzAiOnsiY3JlYXRlIjo2MDAwMDAwMDAwMDAsImRlbGV0ZSI6MTIwMDAwMDAwMDAwMH0sInNjaGVtYV92ZXJzaW9uIjoiMSJ9",
          "dependencies": [
            "aws_vpc.three-tier-vpc"
          ]
        }
      ]
    },
    {
      "mode": "managed",
      "type": "aws_vpc",
      "name": "three-tier-vpc",
      "provider": "provider[\"registry.terraform.io/hashicorp/aws\"]",
      "instances": [
        {
          "schema_version": 1,
          "attributes": {
            "arn": "arn:aws:ec2:eu-west-1:961341527089:vpc/vpc-0b7d0af5d8c1e8df7",
            "assign_generated_ipv6_cidr_block": false,
            "cidr_block": "10.1.0.0/16",
            "default_network_acl_id": "acl-0b99053ad8dc4ff6f",
            "default_route_table_id": "rtb-04bd99be448a2cf4d",
            "default_security_group_id": "sg-052300447aa9450a1",
            "dhcp_options_id": "dopt-000ade4bd9cadfd47",
            "enable_dns_hostnames": false,
            "enable_dns_support": true,
            "enable_network_address_usage_metrics": false,
            "id": "vpc-0b7d0af5d8c1e8df7",
            "instance_tenancy": "default",
            "ipv4_ipam_pool_id": null,
            "ipv4_netmask_length": null,
            "ipv6_association_id": "",
            "ipv6_cidr_block": "",
            "ipv6_cidr_block_network_border_group": "",
            "ipv6_ipam_pool_id": "",
            "ipv6_netmask_length": 0,
            "main_route_table_id": "rtb-04bd99be448a2cf4d",
            "owner_id": "961341527089",
            "tags": {
              "Environment": "Production",
              "Name": "three-tier-vpc",
              "Owner": "DevOps Team",
              "Project": "Three-Tier-App"
            },
            "tags_all": {
              "Environment": "Production",
              "Name": "three-tier-vpc",
              "Owner": "DevOps Team",
              "Project": "Three-Tier-App"
            }
          },
          "sensitive_attributes": [],
          "private": "eyJzY2hlbWFfdmVyc2lvbiI6IjEifQ=="
        }
      ]
    }
  ],
  "check_results": null
}
